Microsoft Visual Studio Solution File, Format Version 12.00
# Visual Studio Version 17
VisualStudioVersion = 17.5.2.0
MinimumVisualStudioVersion = 10.0.40219.1
Project("{FAE04EC0-301F-11D3-BF4B-00C04F79EFBC}") = "Todo-List-Restful-Api", "Todo-List-Restful-Api\Todo-List-Restful-Api.csproj", "{C881D053-7956-08D7-DC15-15C6DDFC91BA}"
EndProject
Global
	GlobalSection(SolutionConfigurationPlatforms) = preSolution
		Debug|Any CPU = Debug|Any CPU
		Release|Any CPU = Release|Any CPU
	EndGlobalSection
	GlobalSection(ProjectConfigurationPlatforms) = postSolution
		{C881D053-7956-08D7-DC15-15C6DDFC91BA}.Debug|Any CPU.ActiveCfg = Debug|Any CPU
		{C881D053-7956-08D7-DC15-15C6DDFC91BA}.Debug|Any CPU.Build.0 = Debug|Any CPU
		{C881D053-7956-08D7-DC15-15C6DDFC91BA}.Release|Any CPU.ActiveCfg = Release|Any CPU
		{C881D053-7956-08D7-DC15-15C6DDFC91BA}.Release|Any CPU.Build.0 = Release|Any CPU
	EndGlobalSection
	GlobalSection(SolutionProperties) = preSolution
		HideSolutionNode = FALSE
	EndGlobalSection
	GlobalSection(ExtensibilityGlobals) = postSolution
		SolutionGuid = {A4F08401-0A63-4332-A133-5DDE3B3A95E5}
	EndGlobalSection
EndGlobal
